{
  "requires": true,
  "lockfileVersion": 1,
  "dependencies": {
    "@syncfusion/ej2-base": {
      "version": "18.1.44",
      "resolved": "https://registry.npmjs.org/@syncfusion/ej2-base/-/ej2-base-18.1.44.tgz",
      "integrity": "sha512-Z1Y9fCs1Fa3ZkP31/C1L97mzMm/Al7W5eGZdUuu60A0volrB1ZGdlPzM/oLP6kdFrICr+OSnL84vDHF5pI0hVg==",
      "requires": {
        "@syncfusion/ej2-icons": "~18.1.42"
      }
    },
    "@syncfusion/ej2-buttons": {
      "version": "18.1.43",
      "resolved": "https://registry.npmjs.org/@syncfusion/ej2-buttons/-/ej2-buttons-18.1.43.tgz",
      "integrity": "sha512-QihDJN91mrgROp1OyH7Wa1J3UBAXkoC17KQLmQOxjMhNmoVwgNeNpd0q8lkshrZHLaMd5gXdvJ22rXvGL7CACg==",
      "requires": {
        "@syncfusion/ej2-base": "~18.1.42"
      }
    },
    "@syncfusion/ej2-compression": {
      "version": "18.1.42",
      "resolved": "https://registry.npmjs.org/@syncfusion/ej2-compression/-/ej2-compression-18.1.42.tgz",
      "integrity": "sha512-G84twZ7OI+llQnFMot+E3JhiR+b2Q5M91fao5PfUJq75KNH2afZeQMZFC6rorhm285CY35hPamdClfNca3VhAg==",
      "requires": {
        "@syncfusion/ej2-file-utils": "~18.1.42"
      }
    },
    "@syncfusion/ej2-data": {
      "version": "18.1.43",
      "resolved": "https://registry.npmjs.org/@syncfusion/ej2-data/-/ej2-data-18.1.43.tgz",
      "integrity": "sha512-szSyI1VDJ0m6J7IPL/rLdCJG4tfrRY1ObcvoQtfsTvklreLjOwXhZzyZYStTrO+I4J0tmBeSs81cruA9Ccm4Jw==",
      "requires": {
        "@syncfusion/ej2-base": "~18.1.42"
      }
    },
    "@syncfusion/ej2-file-utils": {
      "version": "18.1.42",
      "resolved": "https://registry.npmjs.org/@syncfusion/ej2-file-utils/-/ej2-file-utils-18.1.42.tgz",
      "integrity": "sha512-sjGkzomGBTTwvx1sGGN9edGriREqUGPfKyVLgEUN+Hgy1ilfPeWmxDBV3mg3QSo69cAZtJDHGdrYVXwLiP4Qrw=="
    },
    "@syncfusion/ej2-icons": {
      "version": "18.1.42",
      "resolved": "https://registry.npmjs.org/@syncfusion/ej2-icons/-/ej2-icons-18.1.42.tgz",
      "integrity": "sha512-uBxHW5pUO8VpCr7qt+d3GFXzkX7uqojO6KHPu8t6QBgnwPFY8k4mQo6/pxBi/2xSeEaAr4nH+co9OErrq8qDeA=="
    },
    "@syncfusion/ej2-maps": {
      "version": "18.1.43",
      "resolved": "https://registry.npmjs.org/@syncfusion/ej2-maps/-/ej2-maps-18.1.43.tgz",
      "integrity": "sha512-lo3om6aLZaUpCKovCSiw41jpnXDxil8qzWGnsw+xqvLotificGdf314ymMeF1Qwme9gt92g017SYMwiMdkvIwQ==",
      "requires": {
        "@syncfusion/ej2-base": "~18.1.42",
        "@syncfusion/ej2-buttons": "~18.1.43",
        "@syncfusion/ej2-compression": "~18.1.42",
        "@syncfusion/ej2-data": "~18.1.43",
        "@syncfusion/ej2-file-utils": "~18.1.42",
        "@syncfusion/ej2-pdf-export": "~18.1.42",
        "@syncfusion/ej2-svg-base": "~18.1.42"
      }
    },
    "@syncfusion/ej2-pdf-export": {
      "version": "18.1.45",
      "resolved": "https://registry.npmjs.org/@syncfusion/ej2-pdf-export/-/ej2-pdf-export-18.1.45.tgz",
      "integrity": "sha512-VGshNHF2pkmW8io37LPjjE/kFM9DrxFniPqPExaaSVwFZinoXni//m+pXOZvRM8OJ5LfPYOLbSk11F4XtImjZw==",
      "requires": {
        "@syncfusion/ej2-compression": "~18.1.42"
      }
    },
    "@syncfusion/ej2-svg-base": {
      "version": "18.1.42",
      "resolved": "https://registry.npmjs.org/@syncfusion/ej2-svg-base/-/ej2-svg-base-18.1.42.tgz",
      "integrity": "sha512-OmCL3gOuird5oBuCcwUGQMVk1pZIcE1bZuSL89daGsxIjZrPnfQcxXg4IUrBkFoXM4xuCy8h6o285deCmTI0ag==",
      "requires": {
        "@syncfusion/ej2-base": "~18.1.42"
      }
    },
    "@syncfusion/ej2-vue-base": {
      "version": "18.1.42",
      "resolved": "https://registry.npmjs.org/@syncfusion/ej2-vue-base/-/ej2-vue-base-18.1.42.tgz",
      "integrity": "sha512-u1b1p8rYbcG5U1JoMOdTYaI5PruMR2WgC2BMFKo6jhVWXsunLlBSEkbkwV2qcFlUOH3QFd4W/4KxQBX19akS1w==",
      "requires": {
        "@syncfusion/ej2-base": "~18.1.42"
      }
    },
    "@syncfusion/ej2-vue-maps": {
      "version": "18.1.43",
      "resolved": "https://registry.npmjs.org/@syncfusion/ej2-vue-maps/-/ej2-vue-maps-18.1.43.tgz",
      "integrity": "sha512-JsR4eeaDkN674LP8OIL9gguem1TGk+T/csmLWBafW+ejU1YOm7qMFoGLxpuRhlIt4VzfKrtxcEaR25zSMk5mQA==",
      "requires": {
        "@syncfusion/ej2-base": "~18.1.42",
        "@syncfusion/ej2-maps": "18.1.43",
        "@syncfusion/ej2-vue-base": "~18.1.42"
      }
    }
  }
}
